
Microsoft Visual Studio Solution File, Format Version 12.00
# Visual Studio Version 16
VisualStudioVersion = 25.0.1703.5
MinimumVisualStudioVersion = 10.0.40219.1
Project("{FAE04EC0-301F-11D3-BF4B-00C04F79EFBC}") = "MacFormsApplication", "MacAppF\MacFormsApplication.csproj", "{5479B16E-5D7B-428E-AA25-6EC388DBEB73}"
EndProject
Project("{FAE04EC0-301F-11D3-BF4B-00C04F79EFBC}") = "ConsoleApplication", "ConsoleApplication\ConsoleApplication.csproj", "{A3DF56C8-9C94-4B78-B66B-76C527183791}"
EndProject
Global
	GlobalSection(SolutionConfigurationPlatforms) = preSolution
		Debug|Any CPU = Debug|Any CPU
		Release|Any CPU = Release|Any CPU
	EndGlobalSection
	GlobalSection(ProjectConfigurationPlatforms) = postSolution
		{5479B16E-5D7B-428E-AA25-6EC388DBEB73}.Debug|Any CPU.ActiveCfg = Debug|Any CPU
		{5479B16E-5D7B-428E-AA25-6EC388DBEB73}.Debug|Any CPU.Build.0 = Debug|Any CPU
		{5479B16E-5D7B-428E-AA25-6EC388DBEB73}.Release|Any CPU.ActiveCfg = Release|Any CPU
		{5479B16E-5D7B-428E-AA25-6EC388DBEB73}.Release|Any CPU.Build.0 = Release|Any CPU
		{A3DF56C8-9C94-4B78-B66B-76C527183791}.Debug|Any CPU.ActiveCfg = Debug|Any CPU
		{A3DF56C8-9C94-4B78-B66B-76C527183791}.Debug|Any CPU.Build.0 = Debug|Any CPU
		{A3DF56C8-9C94-4B78-B66B-76C527183791}.Release|Any CPU.ActiveCfg = Release|Any CPU
		{A3DF56C8-9C94-4B78-B66B-76C527183791}.Release|Any CPU.Build.0 = Release|Any CPU
	EndGlobalSection
	GlobalSection(SolutionProperties) = preSolution
		HideSolutionNode = FALSE
	EndGlobalSection
	GlobalSection(ExtensibilityGlobals) = postSolution
		SolutionGuid = {C7695F50-5B63-4285-8CF0-BE1A3F92D5E3}
	EndGlobalSection
EndGlobal
